// !$*UTF8*$!
{
	archiveVersion = 1;
	classes = {
	};
	objectVersion = 46;
	objects = {

/* Begin PBXBuildFile section */
		28E1EFFB1DD3F467008BF413 /* AppDelegate.swift in Sources */ = {isa = PBXBuildFile; fileRef = 28E1EFE71DD3F466008BF413 /* AppDelegate.swift */; };
		28E1EFFC1DD3F467008BF413 /* Assets.xcassets in Resources */ = {isa = PBXBuildFile; fileRef = 28E1EFE81DD3F466008BF413 /* Assets.xcassets */; };
		28E1EFFF1DD3F467008BF413 /* ChatInputContainerView.swift in Sources */ = {isa = PBXBuildFile; fileRef = 28E1EFEE1DD3F466008BF413 /* ChatInputContainerView.swift */; };
		28E1F0001DD3F467008BF413 /* ChatLogController.swift in Sources */ = {isa = PBXBuildFile; fileRef = 28E1EFEF1DD3F466008BF413 /* ChatLogController.swift */; };
		28E1F0011DD3F467008BF413 /* ChatMessageCell.swift in Sources */ = {isa = PBXBuildFile; fileRef = 28E1EFF01DD3F466008BF413 /* ChatMessageCell.swift */; };
		28E1F0021DD3F467008BF413 /* Extensions.swift in Sources */ = {isa = PBXBuildFile; fileRef = 28E1EFF11DD3F466008BF413 /* Extensions.swift */; };
		28E1F0031DD3F467008BF413 /* GoogleService-Info.plist in Resources */ = {isa = PBXBuildFile; fileRef = 28E1EFF21DD3F466008BF413 /* GoogleService-Info.plist */; };
		28E1F0051DD3F467008BF413 /* LoginController.swift in Sources */ = {isa = PBXBuildFile; fileRef = 28E1EFF41DD3F466008BF413 /* LoginController.swift */; };
		28E1F0061DD3F467008BF413 /* LoginController+handlers.swift in Sources */ = {isa = PBXBuildFile; fileRef = 28E1EFF51DD3F466008BF413 /* LoginController+handlers.swift */; };
		28E1F0071DD3F467008BF413 /* Message.swift in Sources */ = {isa = PBXBuildFile; fileRef = 28E1EFF61DD3F466008BF413 /* Message.swift */; };
		28E1F0081DD3F467008BF413 /* MessagesController.swift in Sources */ = {isa = PBXBuildFile; fileRef = 28E1EFF71DD3F467008BF413 /* MessagesController.swift */; };
		28E1F0091DD3F467008BF413 /* NewMessageController.swift in Sources */ = {isa = PBXBuildFile; fileRef = 28E1EFF81DD3F467008BF413 /* NewMessageController.swift */; };
		28E1F00A1DD3F467008BF413 /* User.swift in Sources */ = {isa = PBXBuildFile; fileRef = 28E1EFF91DD3F467008BF413 /* User.swift */; };
		28E1F00B1DD3F467008BF413 /* UserCell.swift in Sources */ = {isa = PBXBuildFile; fileRef = 28E1EFFA1DD3F467008BF413 /* UserCell.swift */; };
		28E1F0111DD3F4B4008BF413 /* LaunchScreen.storyboard in Resources */ = {isa = PBXBuildFile; fileRef = 28E1F00D1DD3F4B4008BF413 /* LaunchScreen.storyboard */; };
		28E1F0121DD3F4B4008BF413 /* Main.storyboard in Resources */ = {isa = PBXBuildFile; fileRef = 28E1F00F1DD3F4B4008BF413 /* Main.storyboard */; };
		D67C0F3A674CD6F3FB9C63D4 /* Pods_chat.framework in Frameworks */ = {isa = PBXBuildFile; fileRef = 5E0DC37A57D901CAEBAE66A9 /* Pods_chat.framework */; };
/* End PBXBuildFile section */

/* Begin PBXFileReference section */
		00C49EC01D78E425005BBD9E /* chat.entitlements */ = {isa = PBXFileReference; lastKnownFileType = text.plist.entitlements; path = chat.entitlements; sourceTree = "<group>"; };
		28E1EFE71DD3F466008BF413 /* AppDelegate.swift */ = {isa = PBXFileReference; fileEncoding = 4; lastKnownFileType = sourcecode.swift; name = AppDelegate.swift; path = Chat/AppDelegate.swift; sourceTree = SOURCE_ROOT; };
		28E1EFE81DD3F466008BF413 /* Assets.xcassets */ = {isa = PBXFileReference; lastKnownFileType = folder.assetcatalog; name = Assets.xcassets; path = Chat/Assets.xcassets; sourceTree = SOURCE_ROOT; };
		28E1EFEE1DD3F466008BF413 /* ChatInputContainerView.swift */ = {isa = PBXFileReference; fileEncoding = 4; lastKnownFileType = sourcecode.swift; name = ChatInputContainerView.swift; path = Chat/ChatInputContainerView.swift; sourceTree = SOURCE_ROOT; };
		28E1EFEF1DD3F466008BF413 /* ChatLogController.swift */ = {isa = PBXFileReference; fileEncoding = 4; lastKnownFileType = sourcecode.swift; name = ChatLogController.swift; path = Chat/ChatLogController.swift; sourceTree = SOURCE_ROOT; };
		28E1EFF01DD3F466008BF413 /* ChatMessageCell.swift */ = {isa = PBXFileReference; fileEncoding = 4; lastKnownFileType = sourcecode.swift; name = ChatMessageCell.swift; path = Chat/ChatMessageCell.swift; sourceTree = SOURCE_ROOT; };
		28E1EFF11DD3F466008BF413 /* Extensions.swift */ = {isa = PBXFileReference; fileEncoding = 4; lastKnownFileType = sourcecode.swift; name = Extensions.swift; path = Chat/Extensions.swift; sourceTree = SOURCE_ROOT; };
		28E1EFF21DD3F466008BF413 /* GoogleService-Info.plist */ = {isa = PBXFileReference; fileEncoding = 4; lastKnownFileType = text.plist.xml; name = "GoogleService-Info.plist"; path = "Chat/GoogleService-Info.plist"; sourceTree = SOURCE_ROOT; };
		28E1EFF31DD3F466008BF413 /* Info.plist */ = {isa = PBXFileReference; fileEncoding = 4; lastKnownFileType = text.plist.xml; name = Info.plist; path = Chat/Info.plist; sourceTree = SOURCE_ROOT; };
		28E1EFF41DD3F466008BF413 /* LoginController.swift */ = {isa = PBXFileReference; fileEncoding = 4; lastKnownFileType = sourcecode.swift; name = LoginController.swift; path = Chat/LoginController.swift; sourceTree = SOURCE_ROOT; };
		28E1EFF51DD3F466008BF413 /* LoginController+handlers.swift */ = {isa = PBXFileReference; fileEncoding = 4; lastKnownFileType = sourcecode.swift; name = "LoginController+handlers.swift"; path = "Chat/LoginController+handlers.swift"; sourceTree = SOURCE_ROOT; };
		28E1EFF61DD3F466008BF413 /* Message.swift */ = {isa = PBXFileReference; fileEncoding = 4; lastKnownFileType = sourcecode.swift; name = Message.swift; path = Chat/Message.swift; sourceTree = SOURCE_ROOT; };
		28E1EFF71DD3F467008BF413 /* MessagesController.swift */ = {isa = PBXFileReference; fileEncoding = 4; lastKnownFileType = sourcecode.swift; name = MessagesController.swift; path = Chat/MessagesController.swift; sourceTree = SOURCE_ROOT; };
		28E1EFF81DD3F467008BF413 /* NewMessageController.swift */ = {isa = PBXFileReference; fileEncoding = 4; lastKnownFileType = sourcecode.swift; name = NewMessageController.swift; path = Chat/NewMessageController.swift; sourceTree = SOURCE_ROOT; };
		28E1EFF91DD3F467008BF413 /* User.swift */ = {isa = PBXFileReference; fileEncoding = 4; lastKnownFileType = sourcecode.swift; name = User.swift; path = Chat/User.swift; sourceTree = SOURCE_ROOT; };
		28E1EFFA1DD3F467008BF413 /* UserCell.swift */ = {isa = PBXFileReference; fileEncoding = 4; lastKnownFileType = sourcecode.swift; name = UserCell.swift; path = Chat/UserCell.swift; sourceTree = SOURCE_ROOT; };
		28E1F00E1DD3F4B4008BF413 /* Base */ = {isa = PBXFileReference; lastKnownFileType = file.storyboard; name = Base; path = Chat/Base.lproj/LaunchScreen.storyboard; sourceTree = SOURCE_ROOT; };
		28E1F0101DD3F4B4008BF413 /* Base */ = {isa = PBXFileReference; lastKnownFileType = file.storyboard; name = Base; path = Chat/Base.lproj/Main.storyboard; sourceTree = SOURCE_ROOT; };
		5E0DC37A57D901CAEBAE66A9 /* Pods_chat.framework */ = {isa = PBXFileReference; explicitFileType = wrapper.framework; includeInIndex = 0; path = Pods_chat.framework; sourceTree = BUILT_PRODUCTS_DIR; };
		7B5B8E05CF53E44C6FB3B682 /* Pods-chat.debug.xcconfig */ = {isa = PBXFileReference; includeInIndex = 1; lastKnownFileType = text.xcconfig; name = "Pods-chat.debug.xcconfig"; path = "Pods/Target Support Files/Pods-chat/Pods-chat.debug.xcconfig"; sourceTree = "<group>"; };
		B0F73FF358CE72095A5EB151 /* Pods-chat.release.xcconfig */ = {isa = PBXFileReference; includeInIndex = 1; lastKnownFileType = text.xcconfig; name = "Pods-chat.release.xcconfig"; path = "Pods/Target Support Files/Pods-chat/Pods-chat.release.xcconfig"; sourceTree = "<group>"; };
		C7A24D7D1D1E45DF00011542 /* chat.app */ = {isa = PBXFileReference; explicitFileType = wrapper.application; includeInIndex = 0; path = chat.app; sourceTree = BUILT_PRODUCTS_DIR; };
/* End PBXFileReference section */

/* Begin PBXFrameworksBuildPhase section */
		C7A24D7A1D1E45DF00011542 /* Frameworks */ = {
			isa = PBXFrameworksBuildPhase;
			buildActionMask = 2147483647;
			files = (
				D67C0F3A674CD6F3FB9C63D4 /* Pods_chat.framework in Frameworks */,
			);
			runOnlyForDeploymentPostprocessing = 0;
		};
/* End PBXFrameworksBuildPhase section */

/* Begin PBXGroup section */
		1A069B2ABDAD4A5F53585FCE /* Frameworks */ = {
			isa = PBXGroup;
			children = (
				5E0DC37A57D901CAEBAE66A9 /* Pods_chat.framework */,
			);
			name = Frameworks;
			sourceTree = "<group>";
		};
		28E1F00C1DD3F49A008BF413 /* Supporting Files */ = {
			isa = PBXGroup;
			children = (
				28E1EFE71DD3F466008BF413 /* AppDelegate.swift */,
				28E1EFE81DD3F466008BF413 /* Assets.xcassets */,
				28E1EFF21DD3F466008BF413 /* GoogleService-Info.plist */,
				28E1EFF31DD3F466008BF413 /* Info.plist */,
			);
			name = "Supporting Files";
			sourceTree = "<group>";
		};
		28E1F0131DD3F4BB008BF413 /* Nibs */ = {
			isa = PBXGroup;
			children = (
				28E1F00D1DD3F4B4008BF413 /* LaunchScreen.storyboard */,
				28E1F00F1DD3F4B4008BF413 /* Main.storyboard */,
			);
			name = Nibs;
			sourceTree = "<group>";
		};
		28E1F0141DD3F4CB008BF413 /* ViewControllers */ = {
			isa = PBXGroup;
			children = (
				28E1EFEF1DD3F466008BF413 /* ChatLogController.swift */,
				28E1EFF41DD3F466008BF413 /* LoginController.swift */,
				28E1EFF71DD3F467008BF413 /* MessagesController.swift */,
				28E1EFF81DD3F467008BF413 /* NewMessageController.swift */,
			);
			name = ViewControllers;
			sourceTree = "<group>";
		};
		28E1F0151DD3F4D6008BF413 /* Objects */ = {
			isa = PBXGroup;
			children = (
				28E1EFF01DD3F466008BF413 /* ChatMessageCell.swift */,
				28E1EFF11DD3F466008BF413 /* Extensions.swift */,
				28E1EFEE1DD3F466008BF413 /* ChatInputContainerView.swift */,
				28E1EFF51DD3F466008BF413 /* LoginController+handlers.swift */,
				28E1EFF61DD3F466008BF413 /* Message.swift */,
				28E1EFFA1DD3F467008BF413 /* UserCell.swift */,
				28E1EFF91DD3F467008BF413 /* User.swift */,
			);
			name = Objects;
			sourceTree = "<group>";
		};
		774725568B8883F566F68AE0 /* Pods */ = {
			isa = PBXGroup;
			children = (
				7B5B8E05CF53E44C6FB3B682 /* Pods-chat.debug.xcconfig */,
				B0F73FF358CE72095A5EB151 /* Pods-chat.release.xcconfig */,
			);
			name = Pods;
			sourceTree = "<group>";
		};
		C7A24D741D1E45DF00011542 = {
			isa = PBXGroup;
			children = (
				00C49EC01D78E425005BBD9E /* chat.entitlements */,
				C7A24D7F1D1E45DF00011542 /* Chat */,
				C7A24D7E1D1E45DF00011542 /* Products */,
				774725568B8883F566F68AE0 /* Pods */,
				1A069B2ABDAD4A5F53585FCE /* Frameworks */,
			);
			sourceTree = "<group>";
		};
		C7A24D7E1D1E45DF00011542 /* Products */ = {
			isa = PBXGroup;
			children = (
				C7A24D7D1D1E45DF00011542 /* chat.app */,
			);
			name = Products;
			sourceTree = "<group>";
		};
		C7A24D7F1D1E45DF00011542 /* Chat */ = {
			isa = PBXGroup;
			children = (
				28E1F0131DD3F4BB008BF413 /* Nibs */,
				28E1F0141DD3F4CB008BF413 /* ViewControllers */,
				28E1F0151DD3F4D6008BF413 /* Objects */,
				28E1F00C1DD3F49A008BF413 /* Supporting Files */,
			);
			name = Chat;
			path = gameofchats;
			sourceTree = "<group>";
		};
/* End PBXGroup section */

/* Begin PBXNativeTarget section */
		C7A24D7C1D1E45DF00011542 /* chat */ = {
			isa = PBXNativeTarget;
			buildConfigurationList = C7A24D8F1D1E45DF00011542 /* Build configuration list for PBXNativeTarget "chat" */;
			buildPhases = (
				8241F40087854B93D6A4AA7C /* [CP] Check Pods Manifest.lock */,
				C7A24D791D1E45DF00011542 /* Sources */,
				C7A24D7A1D1E45DF00011542 /* Frameworks */,
				C7A24D7B1D1E45DF00011542 /* Resources */,
				59905304D8DC7885FF777517 /* [CP] Embed Pods Frameworks */,
				B234BB7E0B1640558EB1D182 /* [CP] Copy Pods Resources */,
			);
			buildRules = (
			);
			dependencies = (
			);
			name = chat;
			productName = gameofchats;
			productReference = C7A24D7D1D1E45DF00011542 /* chat.app */;
			productType = "com.apple.product-type.application";
		};
/* End PBXNativeTarget section */

/* Begin PBXProject section */
		C7A24D751D1E45DF00011542 /* Project object */ = {
			isa = PBXProject;
			attributes = {
				LastSwiftUpdateCheck = 0730;
				LastUpgradeCheck = 0820;
				ORGANIZATIONNAME = letsbuildthatapp;
				TargetAttributes = {
					C7A24D7C1D1E45DF00011542 = {
						CreatedOnToolsVersion = 7.3.1;
						DevelopmentTeam = 8NZ8K5GNH8;
						LastSwiftMigration = 0820;
						SystemCapabilities = {
							com.apple.BackgroundModes = {
								enabled = 1;
							};
							com.apple.Push = {
								enabled = 1;
							};
						};
					};
				};
			};
			buildConfigurationList = C7A24D781D1E45DF00011542 /* Build configuration list for PBXProject "chat" */;
			compatibilityVersion = "Xcode 3.2";
			developmentRegion = English;
			hasScannedForEncodings = 0;
			knownRegions = (
				en,
				Base,
			);
			mainGroup = C7A24D741D1E45DF00011542;
			productRefGroup = C7A24D7E1D1E45DF00011542 /* Products */;
			projectDirPath = "";
			projectRoot = "";
			targets = (
				C7A24D7C1D1E45DF00011542 /* chat */,
			);
		};
/* End PBXProject section */

/* Begin PBXResourcesBuildPhase section */
		C7A24D7B1D1E45DF00011542 /* Resources */ = {
			isa = PBXResourcesBuildPhase;
			buildActionMask = 2147483647;
			files = (
				28E1F0031DD3F467008BF413 /* GoogleService-Info.plist in Resources */,
				28E1F0121DD3F4B4008BF413 /* Main.storyboard in Resources */,
				28E1F0111DD3F4B4008BF413 /* LaunchScreen.storyboard in Resources */,
				28E1EFFC1DD3F467008BF413 /* Assets.xcassets in Resources */,
			);
			runOnlyForDeploymentPostprocessing = 0;
		};
/* End PBXResourcesBuildPhase section */

/* Begin PBXShellScriptBuildPhase section */
		59905304D8DC7885FF777517 /* [CP] Embed Pods Frameworks */ = {
			isa = PBXShellScriptBuildPhase;
			buildActionMask = 2147483647;
			files = (
			);
			inputPaths = (
			);
			name = "[CP] Embed Pods Frameworks";
			outputPaths = (
			);
			runOnlyForDeploymentPostprocessing = 0;
			shellPath = /bin/sh;
			shellScript = "\"${SRCROOT}/Pods/Target Support Files/Pods-chat/Pods-chat-frameworks.sh\"\n";
			showEnvVarsInLog = 0;
		};
		8241F40087854B93D6A4AA7C /* [CP] Check Pods Manifest.lock */ = {
			isa = PBXShellScriptBuildPhase;
			buildActionMask = 2147483647;
			files = (
			);
			inputPaths = (
			);
			name = "[CP] Check Pods Manifest.lock";
			outputPaths = (
			);
			runOnlyForDeploymentPostprocessing = 0;
			shellPath = /bin/sh;
			shellScript = "diff \"${PODS_ROOT}/../Podfile.lock\" \"${PODS_ROOT}/Manifest.lock\" > /dev/null\nif [ $? != 0 ] ; then\n    # print error to STDERR\n    echo \"error: The sandbox is not in sync with the Podfile.lock. Run 'pod install' or update your CocoaPods installation.\" >&2\n    exit 1\nfi\n";
			showEnvVarsInLog = 0;
		};
		B234BB7E0B1640558EB1D182 /* [CP] Copy Pods Resources */ = {
			isa = PBXShellScriptBuildPhase;
			buildActionMask = 2147483647;
			files = (
			);
			inputPaths = (
			);
			name = "[CP] Copy Pods Resources";
			outputPaths = (
			);
			runOnlyForDeploymentPostprocessing = 0;
			shellPath = /bin/sh;
			shellScript = "\"${SRCROOT}/Pods/Target Support Files/Pods-chat/Pods-chat-resources.sh\"\n";
			showEnvVarsInLog = 0;
		};
/* End PBXShellScriptBuildPhase section */

/* Begin PBXSourcesBuildPhase section */
		C7A24D791D1E45DF00011542 /* Sources */ = {
			isa = PBXSourcesBuildPhase;
			buildActionMask = 2147483647;
			files = (
				28E1F0021DD3F467008BF413 /* Extensions.swift in Sources */,
				28E1F0051DD3F467008BF413 /* LoginController.swift in Sources */,
				28E1F0001DD3F467008BF413 /* ChatLogController.swift in Sources */,
				28E1F0011DD3F467008BF413 /* ChatMessageCell.swift in Sources */,
				28E1F0061DD3F467008BF413 /* LoginController+handlers.swift in Sources */,
				28E1F0071DD3F467008BF413 /* Message.swift in Sources */,
				28E1F0091DD3F467008BF413 /* NewMessageController.swift in Sources */,
				28E1EFFB1DD3F467008BF413 /* AppDelegate.swift in Sources */,
				28E1F00B1DD3F467008BF413 /* UserCell.swift in Sources */,
				28E1EFFF1DD3F467008BF413 /* ChatInputContainerView.swift in Sources */,
				28E1F0081DD3F467008BF413 /* MessagesController.swift in Sources */,
				28E1F00A1DD3F467008BF413 /* User.swift in Sources */,
			);
			runOnlyForDeploymentPostprocessing = 0;
		};
/* End PBXSourcesBuildPhase section */

/* Begin PBXVariantGroup section */
		28E1F00D1DD3F4B4008BF413 /* LaunchScreen.storyboard */ = {
			isa = PBXVariantGroup;
			children = (
				28E1F00E1DD3F4B4008BF413 /* Base */,
			);
			name = LaunchScreen.storyboard;
			sourceTree = "<group>";
		};
		28E1F00F1DD3F4B4008BF413 /* Main.storyboard */ = {
			isa = PBXVariantGroup;
			children = (
				28E1F0101DD3F4B4008BF413 /* Base */,
			);
			name = Main.storyboard;
			sourceTree = "<group>";
		};
/* End PBXVariantGroup section */

/* Begin XCBuildConfiguration section */
		C7A24D8D1D1E45DF00011542 /* Debug */ = {
			isa = XCBuildConfiguration;
			buildSettings = {
				ALWAYS_SEARCH_USER_PATHS = NO;
				CLANG_ANALYZER_NONNULL = YES;
				CLANG_CXX_LANGUAGE_STANDARD = "gnu++0x";
				CLANG_CXX_LIBRARY = "libc++";
				CLANG_ENABLE_MODULES = YES;
				CLANG_ENABLE_OBJC_ARC = YES;
				CLANG_WARN_BOOL_CONVERSION = YES;
				CLANG_WARN_CONSTANT_CONVERSION = YES;
				CLANG_WARN_DIRECT_OBJC_ISA_USAGE = YES_ERROR;
				CLANG_WARN_EMPTY_BODY = YES;
				CLANG_WARN_ENUM_CONVERSION = YES;
				CLANG_WARN_INFINITE_RECURSION = YES;
				CLANG_WARN_INT_CONVERSION = YES;
				CLANG_WARN_OBJC_ROOT_CLASS = YES_ERROR;
				CLANG_WARN_SUSPICIOUS_MOVE = YES;
				CLANG_WARN_UNREACHABLE_CODE = YES;
				CLANG_WARN__DUPLICATE_METHOD_MATCH = YES;
				"CODE_SIGN_IDENTITY[sdk=iphoneos*]" = "iPhone Developer";
				COPY_PHASE_STRIP = NO;
				DEBUG_INFORMATION_FORMAT = dwarf;
				ENABLE_STRICT_OBJC_MSGSEND = YES;
				ENABLE_TESTABILITY = YES;
				GCC_C_LANGUAGE_STANDARD = gnu99;
				GCC_DYNAMIC_NO_PIC = NO;
				GCC_NO_COMMON_BLOCKS = YES;
				GCC_OPTIMIZATION_LEVEL = 0;
				GCC_PREPROCESSOR_DEFINITIONS = (
					"DEBUG=1",
					"$(inherited)",
				);
				GCC_WARN_64_TO_32_BIT_CONVERSION = YES;
				GCC_WARN_ABOUT_RETURN_TYPE = YES_ERROR;
				GCC_WARN_UNDECLARED_SELECTOR = YES;
				GCC_WARN_UNINITIALIZED_AUTOS = YES_AGGRESSIVE;
				GCC_WARN_UNUSED_FUNCTION = YES;
				GCC_WARN_UNUSED_VARIABLE = YES;
				IPHONEOS_DEPLOYMENT_TARGET = 9.3;
				MTL_ENABLE_DEBUG_INFO = YES;
				ONLY_ACTIVE_ARCH = YES;
				SDKROOT = iphoneos;
				SWIFT_OPTIMIZATION_LEVEL = "-Onone";
				TARGETED_DEVICE_FAMILY = "1,2";
			};
			name = Debug;
		};
		C7A24D8E1D1E45DF00011542 /* Release */ = {
			isa = XCBuildConfiguration;
			buildSettings = {
				ALWAYS_SEARCH_USER_PATHS = NO;
				CLANG_ANALYZER_NONNULL = YES;
				CLANG_CXX_LANGUAGE_STANDARD = "gnu++0x";
				CLANG_CXX_LIBRARY = "libc++";
				CLANG_ENABLE_MODULES = YES;
				CLANG_ENABLE_OBJC_ARC = YES;
				CLANG_WARN_BOOL_CONVERSION = YES;
				CLANG_WARN_CONSTANT_CONVERSION = YES;
				CLANG_WARN_DIRECT_OBJC_ISA_USAGE = YES_ERROR;
				CLANG_WARN_EMPTY_BODY = YES;
				CLANG_WARN_ENUM_CONVERSION = YES;
				CLANG_WARN_INFINITE_RECURSION = YES;
				CLANG_WARN_INT_CONVERSION = YES;
				CLANG_WARN_OBJC_ROOT_CLASS = YES_ERROR;
				CLANG_WARN_SUSPICIOUS_MOVE = YES;
				CLANG_WARN_UNREACHABLE_CODE = YES;
				CLANG_WARN__DUPLICATE_METHOD_MATCH = YES;
				"CODE_SIGN_IDENTITY[sdk=iphoneos*]" = "iPhone Developer";
				COPY_PHASE_STRIP = NO;
				DEBUG_INFORMATION_FORMAT = "dwarf-with-dsym";
				ENABLE_NS_ASSERTIONS = NO;
				ENABLE_STRICT_OBJC_MSGSEND = YES;
				GCC_C_LANGUAGE_STANDARD = gnu99;
				GCC_NO_COMMON_BLOCKS = YES;
				GCC_WARN_64_TO_32_BIT_CONVERSION = YES;
				GCC_WARN_ABOUT_RETURN_TYPE = YES_ERROR;
				GCC_WARN_UNDECLARED_SELECTOR = YES;
				GCC_WARN_UNINITIALIZED_AUTOS = YES_AGGRESSIVE;
				GCC_WARN_UNUSED_FUNCTION = YES;
				GCC_WARN_UNUSED_VARIABLE = YES;
				IPHONEOS_DEPLOYMENT_TARGET = 9.3;
				MTL_ENABLE_DEBUG_INFO = NO;
				SDKROOT = iphoneos;
				SWIFT_OPTIMIZATION_LEVEL = "-Owholemodule";
				TARGETED_DEVICE_FAMILY = "1,2";
				VALIDATE_PRODUCT = YES;
			};
			name = Release;
		};
		C7A24D901D1E45DF00011542 /* Debug */ = {
			isa = XCBuildConfiguration;
			baseConfigurationReference = 7B5B8E05CF53E44C6FB3B682 /* Pods-chat.debug.xcconfig */;
			buildSettings = {
				ASSETCATALOG_COMPILER_APPICON_NAME = AppIcon;
				CLANG_ENABLE_MODULES = YES;
				CODE_SIGN_ENTITLEMENTS = chat.entitlements;
				DEVELOPMENT_TEAM = 8NZ8K5GNH8;
				INFOPLIST_FILE = "$(SRCROOT)/Chat/Info.plist";
				LD_RUNPATH_SEARCH_PATHS = "$(inherited) @executable_path/Frameworks";
				PRODUCT_BUNDLE_IDENTIFIER = com.yongyang.chat;
				PRODUCT_NAME = "$(TARGET_NAME)";
				SWIFT_OPTIMIZATION_LEVEL = "-Onone";
				SWIFT_VERSION = 2.3;
			};
			name = Debug;
		};
		C7A24D911D1E45DF00011542 /* Release */ = {
			isa = XCBuildConfiguration;
			baseConfigurationReference = B0F73FF358CE72095A5EB151 /* Pods-chat.release.xcconfig */;
			buildSettings = {
				ASSETCATALOG_COMPILER_APPICON_NAME = AppIcon;
				CLANG_ENABLE_MODULES = YES;
				CODE_SIGN_ENTITLEMENTS = chat.entitlements;
				DEVELOPMENT_TEAM = 8NZ8K5GNH8;
				INFOPLIST_FILE = "$(SRCROOT)/Chat/Info.plist";
				LD_RUNPATH_SEARCH_PATHS = "$(inherited) @executable_path/Frameworks";
				PRODUCT_BUNDLE_IDENTIFIER = com.yongyang.chat;
				PRODUCT_NAME = "$(TARGET_NAME)";
				SWIFT_VERSION = 2.3;
			};
			name = Release;
		};
/* End XCBuildConfiguration section */

/* Begin XCConfigurationList section */
		C7A24D781D1E45DF00011542 /* Build configuration list for PBXProject "chat" */ = {
			isa = XCConfigurationList;
			buildConfigurations = (
				C7A24D8D1D1E45DF00011542 /* Debug */,
				C7A24D8E1D1E45DF00011542 /* Release */,
			);
			defaultConfigurationIsVisible = 0;
			defaultConfigurationName = Release;
		};
		C7A24D8F1D1E45DF00011542 /* Build configuration list for PBXNativeTarget "chat" */ = {
			isa = XCConfigurationList;
			buildConfigurations = (
				C7A24D901D1E45DF00011542 /* Debug */,
				C7A24D911D1E45DF00011542 /* Release */,
			);
			defaultConfigurationIsVisible = 0;
			defaultConfigurationName = Release;
		};
/* End XCConfigurationList section */
	};
	rootObject = C7A24D751D1E45DF00011542 /* Project object */;
}
